
Microsoft Visual Studio Solution File, Format Version 12.00
# Visual Studio Version 17
VisualStudioVersion = 17.10.35027.167
MinimumVisualStudioVersion = 10.0.40219.1
Project("{9A19103F-16F7-4668-BE54-9A1E7A4F7556}") = "WrikeTimeLogger", "WrikeTimeLogger\WrikeTimeLogger.csproj", "{0E4EF2E3-0503-4B50-8C30-F923C0B80669}"
EndProject
Project("{2150E333-8FDC-42A3-9474-1A3956D46DE8}") = "Solution Items", "Solution Items", "{8EC462FD-D22E-90A8-E5CE-7E832BA40C5D}"
	ProjectSection(SolutionItems) = preProject
		.gitignore = .gitignore
	EndProjectSection
EndProject
Global
	GlobalSection(SolutionConfigurationPlatforms) = preSolution
		Debug|Any CPU = Debug|Any CPU
		Release|Any CPU = Release|Any CPU
	EndGlobalSection
	GlobalSection(ProjectConfigurationPlatforms) = postSolution
		{0E4EF2E3-0503-4B50-8C30-F923C0B80669}.Debug|Any CPU.ActiveCfg = Debug|Any CPU
		{0E4EF2E3-0503-4B50-8C30-F923C0B80669}.Debug|Any CPU.Build.0 = Debug|Any CPU
		{0E4EF2E3-0503-4B50-8C30-F923C0B80669}.Release|Any CPU.ActiveCfg = Release|Any CPU
		{0E4EF2E3-0503-4B50-8C30-F923C0B80669}.Release|Any CPU.Build.0 = Release|Any CPU
	EndGlobalSection
	GlobalSection(SolutionProperties) = preSolution
		HideSolutionNode = FALSE
	EndGlobalSection
	GlobalSection(ExtensibilityGlobals) = postSolution
		SolutionGuid = {33C88DD2-70EE-4FD2-A7C5-5239F4EF1E85}
	EndGlobalSection
	GlobalSection(TeamFoundationVersionControl) = preSolution
		SccNumberOfProjects = 2
		SccEnterpriseProvider = {4CA58AB2-18FA-4F8D-95D4-32DDF27D184C}
		SccTeamFoundationServer = http://srv-tfs/tfs/rnd_maincollection
		SccLocalPath0 = .
		SccProjectUniqueName1 = WrikeTimeLogger\\WrikeTimeLogger.csproj
		SccProjectName1 = WrikeTimeLogger
		SccLocalPath1 = WrikeTimeLogger
	EndGlobalSection
EndGlobal
